
Microsoft Visual Studio Solution File, Format Version 12.00
# Visual Studio Version 16
VisualStudioVersion = 16.0.29519.87
MinimumVisualStudioVersion = 10.0.40219.1
Project("{FAE04EC0-301F-11D3-BF4B-00C04F79EFBC}") = "CinemaApp", "CinemaApp.csproj", "{05D04806-E12B-4C78-9AC9-E5F375182FFD}"
EndProject
Global
	GlobalSection(SolutionConfigurationPlatforms) = preSolution
		Debug|Any CPU = Debug|Any CPU
		Release|Any CPU = Release|Any CPU
	EndGlobalSection
	GlobalSection(ProjectConfigurationPlatforms) = postSolution
		{05D04806-E12B-4C78-9AC9-E5F375182FFD}.Debug|Any CPU.ActiveCfg = Debug|Any CPU
		{05D04806-E12B-4C78-9AC9-E5F375182FFD}.Debug|Any CPU.Build.0 = Debug|Any CPU
		{05D04806-E12B-4C78-9AC9-E5F375182FFD}.Release|Any CPU.ActiveCfg = Release|Any CPU
		{05D04806-E12B-4C78-9AC9-E5F375182FFD}.Release|Any CPU.Build.0 = Release|Any CPU
	EndGlobalSection
	GlobalSection(SolutionProperties) = preSolution
		HideSolutionNode = FALSE
	EndGlobalSection
	GlobalSection(ExtensibilityGlobals) = postSolution
		SolutionGuid = {1D0F5765-73C8-4E74-B977-591944CFDA3A}
	EndGlobalSection
EndGlobal
